
Microsoft Visual Studio Solution File, Format Version 12.00
# Visual Studio Version 16
VisualStudioVersion = 16.0.30804.86
MinimumVisualStudioVersion = 10.0.40219.1
Project("{FAE04EC0-301F-11D3-BF4B-00C04F79EFBC}") = "DeadLockDemo", "DeadLockDemo.csproj", "{C7F9E94D-89F4-496E-8F51-57778AC2BB19}"
EndProject
Project("{2150E333-8FDC-42A3-9474-1A3956D46DE8}") = "Solution Items", "Solution Items", "{A82B8547-D0AB-4082-9337-F73769041906}"
	ProjectSection(SolutionItems) = preProject
		Account.cs = Account.cs
		AccountManager.cs = AccountManager.cs
	EndProjectSection
EndProject
Global
	GlobalSection(SolutionConfigurationPlatforms) = preSolution
		Debug|Any CPU = Debug|Any CPU
		Release|Any CPU = Release|Any CPU
	EndGlobalSection
	GlobalSection(ProjectConfigurationPlatforms) = postSolution
		{C7F9E94D-89F4-496E-8F51-57778AC2BB19}.Debug|Any CPU.ActiveCfg = Debug|Any CPU
		{C7F9E94D-89F4-496E-8F51-57778AC2BB19}.Debug|Any CPU.Build.0 = Debug|Any CPU
		{C7F9E94D-89F4-496E-8F51-57778AC2BB19}.Release|Any CPU.ActiveCfg = Release|Any CPU
		{C7F9E94D-89F4-496E-8F51-57778AC2BB19}.Release|Any CPU.Build.0 = Release|Any CPU
	EndGlobalSection
	GlobalSection(SolutionProperties) = preSolution
		HideSolutionNode = FALSE
	EndGlobalSection
	GlobalSection(ExtensibilityGlobals) = postSolution
		SolutionGuid = {4700957B-46A3-4685-8E16-C927B8A5CE42}
	EndGlobalSection
EndGlobal
